// !$*UTF8*$!
{
	archiveVersion = 1;
	classes = {
	};
	objectVersion = 56;
	objects = {

/* Begin PBXBuildFile section */
		8D4668B72A6407F7009F52D8 /* HousesList.swift in Sources */ = {isa = PBXBuildFile; fileRef = 8D4668B62A6407F7009F52D8 /* HousesList.swift */; };
		8D4668BA2A64082C009F52D8 /* HouseModel.swift in Sources */ = {isa = PBXBuildFile; fileRef = 8D4668B92A64082C009F52D8 /* HouseModel.swift */; };
		8D4668BC2A642FAE009F52D8 /* HouseManager.swift in Sources */ = {isa = PBXBuildFile; fileRef = 8D4668BB2A642FAE009F52D8 /* HouseManager.swift */; };
		8D4668BE2A6432BF009F52D8 /* HouseRow.swift in Sources */ = {isa = PBXBuildFile; fileRef = 8D4668BD2A6432BF009F52D8 /* HouseRow.swift */; };
		8D4668C02A643420009F52D8 /* HouseDetailView.swift in Sources */ = {isa = PBXBuildFile; fileRef = 8D4668BF2A643420009F52D8 /* HouseDetailView.swift */; };
		8D532C092A4B5FE700F66DAB /* GeneratingEnergyList.swift in Sources */ = {isa = PBXBuildFile; fileRef = 8D532C082A4B5FE700F66DAB /* GeneratingEnergyList.swift */; };
		8D532C0B2A4B621900F66DAB /* GeneratingEnergyUnit.swift in Sources */ = {isa = PBXBuildFile; fileRef = 8D532C0A2A4B621900F66DAB /* GeneratingEnergyUnit.swift */; };
		8D532C0D2A4C3B0D00F66DAB /* GeneratingEnergyRow.swift in Sources */ = {isa = PBXBuildFile; fileRef = 8D532C0C2A4C3B0D00F66DAB /* GeneratingEnergyRow.swift */; };
		8D532C102A4C7DE700F66DAB /* GeneratingEnergyDetailView.swift in Sources */ = {isa = PBXBuildFile; fileRef = 8D532C0F2A4C7DE600F66DAB /* GeneratingEnergyDetailView.swift */; };
		8D532C122A4CB66B00F66DAB /* FinishedMark.swift in Sources */ = {isa = PBXBuildFile; fileRef = 8D532C112A4CB66B00F66DAB /* FinishedMark.swift */; };
		8D532C142A4D42AD00F66DAB /* GeneratingEnergyManager.swift in Sources */ = {isa = PBXBuildFile; fileRef = 8D532C132A4D42AD00F66DAB /* GeneratingEnergyManager.swift */; };
		8D532C6F2A5095B400F66DAB /* PieSliceView.swift in Sources */ = {isa = PBXBuildFile; fileRef = 8D532C6E2A5095B400F66DAB /* PieSliceView.swift */; };
		8D532C712A50B38800F66DAB /* PieCharView.swift in Sources */ = {isa = PBXBuildFile; fileRef = 8D532C702A50B38800F66DAB /* PieCharView.swift */; };
		8D6DC4B02A64799000D30F44 /* Money.swift in Sources */ = {isa = PBXBuildFile; fileRef = 8D6DC4AF2A64799000D30F44 /* Money.swift */; };
		8DFF7BAC2A48900D00E44077 /* SimulatorSwiftUIApp.swift in Sources */ = {isa = PBXBuildFile; fileRef = 8DFF7BAB2A48900D00E44077 /* SimulatorSwiftUIApp.swift */; };
		8DFF7BAE2A48900D00E44077 /* ContentView.swift in Sources */ = {isa = PBXBuildFile; fileRef = 8DFF7BAD2A48900D00E44077 /* ContentView.swift */; };
		8DFF7BB02A48900F00E44077 /* Assets.xcassets in Resources */ = {isa = PBXBuildFile; fileRef = 8DFF7BAF2A48900F00E44077 /* Assets.xcassets */; };
		8DFF7BB32A48900F00E44077 /* Preview Assets.xcassets in Resources */ = {isa = PBXBuildFile; fileRef = 8DFF7BB22A48900F00E44077 /* Preview Assets.xcassets */; };
		8DFF7BB52A48900F00E44077 /* Persistence.swift in Sources */ = {isa = PBXBuildFile; fileRef = 8DFF7BB42A48900F00E44077 /* Persistence.swift */; };
		8DFF7BB82A48900F00E44077 /* SimulatorSwiftUI.xcdatamodeld in Sources */ = {isa = PBXBuildFile; fileRef = 8DFF7BB62A48900F00E44077 /* SimulatorSwiftUI.xcdatamodeld */; };
		8DFF7BBF2A48916700E44077 /* DashboardView.swift in Sources */ = {isa = PBXBuildFile; fileRef = 8DFF7BBE2A48916700E44077 /* DashboardView.swift */; };
		8DFF7BC12A48970B00E44077 /* PlayButton.swift in Sources */ = {isa = PBXBuildFile; fileRef = 8DFF7BC02A48970B00E44077 /* PlayButton.swift */; };
		8DFF7BC32A48A08000E44077 /* Dashboard.swift in Sources */ = {isa = PBXBuildFile; fileRef = 8DFF7BC22A48A08000E44077 /* Dashboard.swift */; };
		8DFF7BC52A48A6FA00E44077 /* DashboardManager.swift in Sources */ = {isa = PBXBuildFile; fileRef = 8DFF7BC42A48A6FA00E44077 /* DashboardManager.swift */; };
		8DFF7BC92A48A86E00E44077 /* Extensions.swift in Sources */ = {isa = PBXBuildFile; fileRef = 8DFF7BC82A48A86E00E44077 /* Extensions.swift */; };
		8DFF7BCB2A48C56800E44077 /* DashboardModel.swift in Sources */ = {isa = PBXBuildFile; fileRef = 8DFF7BCA2A48C56800E44077 /* DashboardModel.swift */; };
		8DFF7BF82A4ABC6500E44077 /* MainRowView.swift in Sources */ = {isa = PBXBuildFile; fileRef = 8DFF7BF72A4ABC6500E44077 /* MainRowView.swift */; };
		8DFF7BFB2A4ABF0300E44077 /* MainRow.swift in Sources */ = {isa = PBXBuildFile; fileRef = 8DFF7BFA2A4ABF0300E44077 /* MainRow.swift */; };
/* End PBXBuildFile section */

/* Begin PBXFileReference section */
		8D4668B62A6407F7009F52D8 /* HousesList.swift */ = {isa = PBXFileReference; lastKnownFileType = sourcecode.swift; path = HousesList.swift; sourceTree = "<group>"; };
		8D4668B92A64082C009F52D8 /* HouseModel.swift */ = {isa = PBXFileReference; lastKnownFileType = sourcecode.swift; path = HouseModel.swift; sourceTree = "<group>"; };
		8D4668BB2A642FAE009F52D8 /* HouseManager.swift */ = {isa = PBXFileReference; lastKnownFileType = sourcecode.swift; path = HouseManager.swift; sourceTree = "<group>"; };
		8D4668BD2A6432BF009F52D8 /* HouseRow.swift */ = {isa = PBXFileReference; lastKnownFileType = sourcecode.swift; path = HouseRow.swift; sourceTree = "<group>"; };
		8D4668BF2A643420009F52D8 /* HouseDetailView.swift */ = {isa = PBXFileReference; lastKnownFileType = sourcecode.swift; path = HouseDetailView.swift; sourceTree = "<group>"; };
		8D532C082A4B5FE700F66DAB /* GeneratingEnergyList.swift */ = {isa = PBXFileReference; lastKnownFileType = sourcecode.swift; path = GeneratingEnergyList.swift; sourceTree = "<group>"; };
		8D532C0A2A4B621900F66DAB /* GeneratingEnergyUnit.swift */ = {isa = PBXFileReference; lastKnownFileType = sourcecode.swift; path = GeneratingEnergyUnit.swift; sourceTree = "<group>"; };
		8D532C0C2A4C3B0D00F66DAB /* GeneratingEnergyRow.swift */ = {isa = PBXFileReference; lastKnownFileType = sourcecode.swift; path = GeneratingEnergyRow.swift; sourceTree = "<group>"; };
		8D532C0F2A4C7DE600F66DAB /* GeneratingEnergyDetailView.swift */ = {isa = PBXFileReference; lastKnownFileType = sourcecode.swift; path = GeneratingEnergyDetailView.swift; sourceTree = "<group>"; };
		8D532C112A4CB66B00F66DAB /* FinishedMark.swift */ = {isa = PBXFileReference; lastKnownFileType = sourcecode.swift; path = FinishedMark.swift; sourceTree = "<group>"; };
		8D532C132A4D42AD00F66DAB /* GeneratingEnergyManager.swift */ = {isa = PBXFileReference; lastKnownFileType = sourcecode.swift; path = GeneratingEnergyManager.swift; sourceTree = "<group>"; };
		8D532C6E2A5095B400F66DAB /* PieSliceView.swift */ = {isa = PBXFileReference; lastKnownFileType = sourcecode.swift; path = PieSliceView.swift; sourceTree = "<group>"; };
		8D532C702A50B38800F66DAB /* PieCharView.swift */ = {isa = PBXFileReference; lastKnownFileType = sourcecode.swift; path = PieCharView.swift; sourceTree = "<group>"; };
		8D6DC4AF2A64799000D30F44 /* Money.swift */ = {isa = PBXFileReference; lastKnownFileType = sourcecode.swift; path = Money.swift; sourceTree = "<group>"; };
		8DFF7BA82A48900D00E44077 /* SimulatorSwiftUI.app */ = {isa = PBXFileReference; explicitFileType = wrapper.application; includeInIndex = 0; path = SimulatorSwiftUI.app; sourceTree = BUILT_PRODUCTS_DIR; };
		8DFF7BAB2A48900D00E44077 /* SimulatorSwiftUIApp.swift */ = {isa = PBXFileReference; lastKnownFileType = sourcecode.swift; path = SimulatorSwiftUIApp.swift; sourceTree = "<group>"; };
		8DFF7BAD2A48900D00E44077 /* ContentView.swift */ = {isa = PBXFileReference; lastKnownFileType = sourcecode.swift; path = ContentView.swift; sourceTree = "<group>"; };
		8DFF7BAF2A48900F00E44077 /* Assets.xcassets */ = {isa = PBXFileReference; lastKnownFileType = folder.assetcatalog; path = Assets.xcassets; sourceTree = "<group>"; };
		8DFF7BB22A48900F00E44077 /* Preview Assets.xcassets */ = {isa = PBXFileReference; lastKnownFileType = folder.assetcatalog; path = "Preview Assets.xcassets"; sourceTree = "<group>"; };
		8DFF7BB42A48900F00E44077 /* Persistence.swift */ = {isa = PBXFileReference; lastKnownFileType = sourcecode.swift; path = Persistence.swift; sourceTree = "<group>"; };
		8DFF7BB72A48900F00E44077 /* SimulatorSwiftUI.xcdatamodel */ = {isa = PBXFileReference; lastKnownFileType = wrapper.xcdatamodel; path = SimulatorSwiftUI.xcdatamodel; sourceTree = "<group>"; };
		8DFF7BBE2A48916700E44077 /* DashboardView.swift */ = {isa = PBXFileReference; lastKnownFileType = sourcecode.swift; path = DashboardView.swift; sourceTree = "<group>"; };
		8DFF7BC02A48970B00E44077 /* PlayButton.swift */ = {isa = PBXFileReference; lastKnownFileType = sourcecode.swift; path = PlayButton.swift; sourceTree = "<group>"; };
		8DFF7BC22A48A08000E44077 /* Dashboard.swift */ = {isa = PBXFileReference; lastKnownFileType = sourcecode.swift; path = Dashboard.swift; sourceTree = "<group>"; };
		8DFF7BC42A48A6FA00E44077 /* DashboardManager.swift */ = {isa = PBXFileReference; lastKnownFileType = sourcecode.swift; path = DashboardManager.swift; sourceTree = "<group>"; };
		8DFF7BC82A48A86E00E44077 /* Extensions.swift */ = {isa = PBXFileReference; lastKnownFileType = sourcecode.swift; path = Extensions.swift; sourceTree = "<group>"; };
		8DFF7BCA2A48C56800E44077 /* DashboardModel.swift */ = {isa = PBXFileReference; lastKnownFileType = sourcecode.swift; path = DashboardModel.swift; sourceTree = "<group>"; };
		8DFF7BF72A4ABC6500E44077 /* MainRowView.swift */ = {isa = PBXFileReference; lastKnownFileType = sourcecode.swift; path = MainRowView.swift; sourceTree = "<group>"; };
		8DFF7BFA2A4ABF0300E44077 /* MainRow.swift */ = {isa = PBXFileReference; lastKnownFileType = sourcecode.swift; path = MainRow.swift; sourceTree = "<group>"; };
/* End PBXFileReference section */

/* Begin PBXFrameworksBuildPhase section */
		8DFF7BA52A48900D00E44077 /* Frameworks */ = {
			isa = PBXFrameworksBuildPhase;
			buildActionMask = 2147483647;
			files = (
			);
			runOnlyForDeploymentPostprocessing = 0;
		};
/* End PBXFrameworksBuildPhase section */

/* Begin PBXGroup section */
		8D4668B82A64080B009F52D8 /* Houses */ = {
			isa = PBXGroup;
			children = (
				8D4668BF2A643420009F52D8 /* HouseDetailView.swift */,
				8D4668BD2A6432BF009F52D8 /* HouseRow.swift */,
				8D4668B62A6407F7009F52D8 /* HousesList.swift */,
				8D4668B92A64082C009F52D8 /* HouseModel.swift */,
				8D4668BB2A642FAE009F52D8 /* HouseManager.swift */,
			);
			path = Houses;
			sourceTree = "<group>";
		};
		8D532C0E2A4C6ED900F66DAB /* GenerationEnergy */ = {
			isa = PBXGroup;
			children = (
				8D532C132A4D42AD00F66DAB /* GeneratingEnergyManager.swift */,
				8D532C082A4B5FE700F66DAB /* GeneratingEnergyList.swift */,
				8D532C0F2A4C7DE600F66DAB /* GeneratingEnergyDetailView.swift */,
				8D532C0C2A4C3B0D00F66DAB /* GeneratingEnergyRow.swift */,
				8D532C0A2A4B621900F66DAB /* GeneratingEnergyUnit.swift */,
			);
			path = GenerationEnergy;
			sourceTree = "<group>";
		};
		8DFF7B9F2A48900D00E44077 = {
			isa = PBXGroup;
			children = (
				8DFF7BAA2A48900D00E44077 /* SimulatorSwiftUI */,
				8DFF7BA92A48900D00E44077 /* Products */,
			);
			sourceTree = "<group>";
		};
		8DFF7BA92A48900D00E44077 /* Products */ = {
			isa = PBXGroup;
			children = (
				8DFF7BA82A48900D00E44077 /* SimulatorSwiftUI.app */,
			);
			name = Products;
			sourceTree = "<group>";
		};
		8DFF7BAA2A48900D00E44077 /* SimulatorSwiftUI */ = {
			isa = PBXGroup;
			children = (
				8DFF7BAB2A48900D00E44077 /* SimulatorSwiftUIApp.swift */,
				8DFF7BAD2A48900D00E44077 /* ContentView.swift */,
				8D4668B82A64080B009F52D8 /* Houses */,
				8D532C0E2A4C6ED900F66DAB /* GenerationEnergy */,
				8DFF7BF92A4ABED000E44077 /* MainRow */,
				8DFF7BC62A48A80000E44077 /* Dashboard */,
				8DFF7BC72A48A84100E44077 /* Helpers */,
				8DFF7BAF2A48900F00E44077 /* Assets.xcassets */,
				8DFF7BB42A48900F00E44077 /* Persistence.swift */,
				8DFF7BB62A48900F00E44077 /* SimulatorSwiftUI.xcdatamodeld */,
				8DFF7BB12A48900F00E44077 /* Preview Content */,
			);
			path = SimulatorSwiftUI;
			sourceTree = "<group>";
		};
		8DFF7BB12A48900F00E44077 /* Preview Content */ = {
			isa = PBXGroup;
			children = (
				8DFF7BB22A48900F00E44077 /* Preview Assets.xcassets */,
			);
			path = "Preview Content";
			sourceTree = "<group>";
		};
		8DFF7BC62A48A80000E44077 /* Dashboard */ = {
			isa = PBXGroup;
			children = (
				8DFF7BBE2A48916700E44077 /* DashboardView.swift */,
				8DFF7BC42A48A6FA00E44077 /* DashboardManager.swift */,
				8D6DC4AF2A64799000D30F44 /* Money.swift */,
				8DFF7BC22A48A08000E44077 /* Dashboard.swift */,
				8DFF7BCA2A48C56800E44077 /* DashboardModel.swift */,
			);
			path = Dashboard;
			sourceTree = "<group>";
		};
		8DFF7BC72A48A84100E44077 /* Helpers */ = {
			isa = PBXGroup;
			children = (
				8D532C112A4CB66B00F66DAB /* FinishedMark.swift */,
				8DFF7BC82A48A86E00E44077 /* Extensions.swift */,
				8DFF7BC02A48970B00E44077 /* PlayButton.swift */,
				8D532C6E2A5095B400F66DAB /* PieSliceView.swift */,
				8D532C702A50B38800F66DAB /* PieCharView.swift */,
			);
			path = Helpers;
			sourceTree = "<group>";
		};
		8DFF7BF92A4ABED000E44077 /* MainRow */ = {
			isa = PBXGroup;
			children = (
				8DFF7BF72A4ABC6500E44077 /* MainRowView.swift */,
				8DFF7BFA2A4ABF0300E44077 /* MainRow.swift */,
			);
			path = MainRow;
			sourceTree = "<group>";
		};
/* End PBXGroup section */

/* Begin PBXNativeTarget section */
		8DFF7BA72A48900D00E44077 /* SimulatorSwiftUI */ = {
			isa = PBXNativeTarget;
			buildConfigurationList = 8DFF7BBB2A48900F00E44077 /* Build configuration list for PBXNativeTarget "SimulatorSwiftUI" */;
			buildPhases = (
				8DFF7BA42A48900D00E44077 /* Sources */,
				8DFF7BA52A48900D00E44077 /* Frameworks */,
				8DFF7BA62A48900D00E44077 /* Resources */,
			);
			buildRules = (
			);
			dependencies = (
			);
			name = SimulatorSwiftUI;
			productName = SimulatorSwiftUI;
			productReference = 8DFF7BA82A48900D00E44077 /* SimulatorSwiftUI.app */;
			productType = "com.apple.product-type.application";
		};
/* End PBXNativeTarget section */

/* Begin PBXProject section */
		8DFF7BA02A48900D00E44077 /* Project object */ = {
			isa = PBXProject;
			attributes = {
				BuildIndependentTargetsInParallel = 1;
				LastSwiftUpdateCheck = 1430;
				LastUpgradeCheck = 1430;
				TargetAttributes = {
					8DFF7BA72A48900D00E44077 = {
						CreatedOnToolsVersion = 14.3;
					};
				};
			};
			buildConfigurationList = 8DFF7BA32A48900D00E44077 /* Build configuration list for PBXProject "SimulatorSwiftUI" */;
			compatibilityVersion = "Xcode 14.0";
			developmentRegion = en;
			hasScannedForEncodings = 0;
			knownRegions = (
				en,
				Base,
			);
			mainGroup = 8DFF7B9F2A48900D00E44077;
			productRefGroup = 8DFF7BA92A48900D00E44077 /* Products */;
			projectDirPath = "";
			projectRoot = "";
			targets = (
				8DFF7BA72A48900D00E44077 /* SimulatorSwiftUI */,
			);
		};
/* End PBXProject section */

/* Begin PBXResourcesBuildPhase section */
		8DFF7BA62A48900D00E44077 /* Resources */ = {
			isa = PBXResourcesBuildPhase;
			buildActionMask = 2147483647;
			files = (
				8DFF7BB32A48900F00E44077 /* Preview Assets.xcassets in Resources */,
				8DFF7BB02A48900F00E44077 /* Assets.xcassets in Resources */,
			);
			runOnlyForDeploymentPostprocessing = 0;
		};
/* End PBXResourcesBuildPhase section */

/* Begin PBXSourcesBuildPhase section */
		8DFF7BA42A48900D00E44077 /* Sources */ = {
			isa = PBXSourcesBuildPhase;
			buildActionMask = 2147483647;
			files = (
				8D532C122A4CB66B00F66DAB /* FinishedMark.swift in Sources */,
				8DFF7BCB2A48C56800E44077 /* DashboardModel.swift in Sources */,
				8DFF7BFB2A4ABF0300E44077 /* MainRow.swift in Sources */,
				8D532C0D2A4C3B0D00F66DAB /* GeneratingEnergyRow.swift in Sources */,
				8DFF7BC32A48A08000E44077 /* Dashboard.swift in Sources */,
				8D4668BE2A6432BF009F52D8 /* HouseRow.swift in Sources */,
				8DFF7BC92A48A86E00E44077 /* Extensions.swift in Sources */,
				8DFF7BC12A48970B00E44077 /* PlayButton.swift in Sources */,
				8DFF7BB82A48900F00E44077 /* SimulatorSwiftUI.xcdatamodeld in Sources */,
				8DFF7BB52A48900F00E44077 /* Persistence.swift in Sources */,
				8DFF7BC52A48A6FA00E44077 /* DashboardManager.swift in Sources */,
				8D532C0B2A4B621900F66DAB /* GeneratingEnergyUnit.swift in Sources */,
				8D532C712A50B38800F66DAB /* PieCharView.swift in Sources */,
				8D532C142A4D42AD00F66DAB /* GeneratingEnergyManager.swift in Sources */,
				8D532C092A4B5FE700F66DAB /* GeneratingEnergyList.swift in Sources */,
				8DFF7BBF2A48916700E44077 /* DashboardView.swift in Sources */,
				8D6DC4B02A64799000D30F44 /* Money.swift in Sources */,
				8DFF7BAE2A48900D00E44077 /* ContentView.swift in Sources */,
				8D4668BA2A64082C009F52D8 /* HouseModel.swift in Sources */,
				8D532C6F2A5095B400F66DAB /* PieSliceView.swift in Sources */,
				8DFF7BAC2A48900D00E44077 /* SimulatorSwiftUIApp.swift in Sources */,
				8D4668C02A643420009F52D8 /* HouseDetailView.swift in Sources */,
				8D4668BC2A642FAE009F52D8 /* HouseManager.swift in Sources */,
				8D532C102A4C7DE700F66DAB /* GeneratingEnergyDetailView.swift in Sources */,
				8D4668B72A6407F7009F52D8 /* HousesList.swift in Sources */,
				8DFF7BF82A4ABC6500E44077 /* MainRowView.swift in Sources */,
			);
			runOnlyForDeploymentPostprocessing = 0;
		};
/* End PBXSourcesBuildPhase section */

/* Begin XCBuildConfiguration section */
		8DFF7BB92A48900F00E44077 /* Debug */ = {
			isa = XCBuildConfiguration;
			buildSettings = {
				ALWAYS_SEARCH_USER_PATHS = NO;
				CLANG_ANALYZER_NONNULL = YES;
				CLANG_ANALYZER_NUMBER_OBJECT_CONVERSION = YES_AGGRESSIVE;
				CLANG_CXX_LANGUAGE_STANDARD = "gnu++20";
				CLANG_ENABLE_MODULES = YES;
				CLANG_ENABLE_OBJC_ARC = YES;
				CLANG_ENABLE_OBJC_WEAK = YES;
				CLANG_WARN_BLOCK_CAPTURE_AUTORELEASING = YES;
				CLANG_WARN_BOOL_CONVERSION = YES;
				CLANG_WARN_COMMA = YES;
				CLANG_WARN_CONSTANT_CONVERSION = YES;
				CLANG_WARN_DEPRECATED_OBJC_IMPLEMENTATIONS = YES;
				CLANG_WARN_DIRECT_OBJC_ISA_USAGE = YES_ERROR;
				CLANG_WARN_DOCUMENTATION_COMMENTS = YES;
				CLANG_WARN_EMPTY_BODY = YES;
				CLANG_WARN_ENUM_CONVERSION = YES;
				CLANG_WARN_INFINITE_RECURSION = YES;
				CLANG_WARN_INT_CONVERSION = YES;
				CLANG_WARN_NON_LITERAL_NULL_CONVERSION = YES;
				CLANG_WARN_OBJC_IMPLICIT_RETAIN_SELF = YES;
				CLANG_WARN_OBJC_LITERAL_CONVERSION = YES;
				CLANG_WARN_OBJC_ROOT_CLASS = YES_ERROR;
				CLANG_WARN_QUOTED_INCLUDE_IN_FRAMEWORK_HEADER = YES;
				CLANG_WARN_RANGE_LOOP_ANALYSIS = YES;
				CLANG_WARN_STRICT_PROTOTYPES = YES;
				CLANG_WARN_SUSPICIOUS_MOVE = YES;
				CLANG_WARN_UNGUARDED_AVAILABILITY = YES_AGGRESSIVE;
				CLANG_WARN_UNREACHABLE_CODE = YES;
				CLANG_WARN__DUPLICATE_METHOD_MATCH = YES;
				COPY_PHASE_STRIP = NO;
				DEBUG_INFORMATION_FORMAT = dwarf;
				ENABLE_STRICT_OBJC_MSGSEND = YES;
				ENABLE_TESTABILITY = YES;
				GCC_C_LANGUAGE_STANDARD = gnu11;
				GCC_DYNAMIC_NO_PIC = NO;
				GCC_NO_COMMON_BLOCKS = YES;
				GCC_OPTIMIZATION_LEVEL = 0;
				GCC_PREPROCESSOR_DEFINITIONS = (
					"DEBUG=1",
					"$(inherited)",
				);
				GCC_WARN_64_TO_32_BIT_CONVERSION = YES;
				GCC_WARN_ABOUT_RETURN_TYPE = YES_ERROR;
				GCC_WARN_UNDECLARED_SELECTOR = YES;
				GCC_WARN_UNINITIALIZED_AUTOS = YES_AGGRESSIVE;
				GCC_WARN_UNUSED_FUNCTION = YES;
				GCC_WARN_UNUSED_VARIABLE = YES;
				IPHONEOS_DEPLOYMENT_TARGET = 16.4;
				MTL_ENABLE_DEBUG_INFO = INCLUDE_SOURCE;
				MTL_FAST_MATH = YES;
				ONLY_ACTIVE_ARCH = YES;
				SDKROOT = iphoneos;
				SWIFT_ACTIVE_COMPILATION_CONDITIONS = DEBUG;
				SWIFT_OPTIMIZATION_LEVEL = "-Onone";
			};
			name = Debug;
		};
		8DFF7BBA2A48900F00E44077 /* Release */ = {
			isa = XCBuildConfiguration;
			buildSettings = {
				ALWAYS_SEARCH_USER_PATHS = NO;
				CLANG_ANALYZER_NONNULL = YES;
				CLANG_ANALYZER_NUMBER_OBJECT_CONVERSION = YES_AGGRESSIVE;
				CLANG_CXX_LANGUAGE_STANDARD = "gnu++20";
				CLANG_ENABLE_MODULES = YES;
				CLANG_ENABLE_OBJC_ARC = YES;
				CLANG_ENABLE_OBJC_WEAK = YES;
				CLANG_WARN_BLOCK_CAPTURE_AUTORELEASING = YES;
				CLANG_WARN_BOOL_CONVERSION = YES;
				CLANG_WARN_COMMA = YES;
				CLANG_WARN_CONSTANT_CONVERSION = YES;
				CLANG_WARN_DEPRECATED_OBJC_IMPLEMENTATIONS = YES;
				CLANG_WARN_DIRECT_OBJC_ISA_USAGE = YES_ERROR;
				CLANG_WARN_DOCUMENTATION_COMMENTS = YES;
				CLANG_WARN_EMPTY_BODY = YES;
				CLANG_WARN_ENUM_CONVERSION = YES;
				CLANG_WARN_INFINITE_RECURSION = YES;
				CLANG_WARN_INT_CONVERSION = YES;
				CLANG_WARN_NON_LITERAL_NULL_CONVERSION = YES;
				CLANG_WARN_OBJC_IMPLICIT_RETAIN_SELF = YES;
				CLANG_WARN_OBJC_LITERAL_CONVERSION = YES;
				CLANG_WARN_OBJC_ROOT_CLASS = YES_ERROR;
				CLANG_WARN_QUOTED_INCLUDE_IN_FRAMEWORK_HEADER = YES;
				CLANG_WARN_RANGE_LOOP_ANALYSIS = YES;
				CLANG_WARN_STRICT_PROTOTYPES = YES;
				CLANG_WARN_SUSPICIOUS_MOVE = YES;
				CLANG_WARN_UNGUARDED_AVAILABILITY = YES_AGGRESSIVE;
				CLANG_WARN_UNREACHABLE_CODE = YES;
				CLANG_WARN__DUPLICATE_METHOD_MATCH = YES;
				COPY_PHASE_STRIP = NO;
				DEBUG_INFORMATION_FORMAT = "dwarf-with-dsym";
				ENABLE_NS_ASSERTIONS = NO;
				ENABLE_STRICT_OBJC_MSGSEND = YES;
				GCC_C_LANGUAGE_STANDARD = gnu11;
				GCC_NO_COMMON_BLOCKS = YES;
				GCC_WARN_64_TO_32_BIT_CONVERSION = YES;
				GCC_WARN_ABOUT_RETURN_TYPE = YES_ERROR;
				GCC_WARN_UNDECLARED_SELECTOR = YES;
				GCC_WARN_UNINITIALIZED_AUTOS = YES_AGGRESSIVE;
				GCC_WARN_UNUSED_FUNCTION = YES;
				GCC_WARN_UNUSED_VARIABLE = YES;
				IPHONEOS_DEPLOYMENT_TARGET = 16.4;
				MTL_ENABLE_DEBUG_INFO = NO;
				MTL_FAST_MATH = YES;
				SDKROOT = iphoneos;
				SWIFT_COMPILATION_MODE = wholemodule;
				SWIFT_OPTIMIZATION_LEVEL = "-O";
				VALIDATE_PRODUCT = YES;
			};
			name = Release;
		};
		8DFF7BBC2A48900F00E44077 /* Debug */ = {
			isa = XCBuildConfiguration;
			buildSettings = {
				ASSETCATALOG_COMPILER_APPICON_NAME = AppIcon;
				ASSETCATALOG_COMPILER_GLOBAL_ACCENT_COLOR_NAME = AccentColor;
				CODE_SIGN_STYLE = Automatic;
				CURRENT_PROJECT_VERSION = 1;
				DEVELOPMENT_ASSET_PATHS = "\"SimulatorSwiftUI/Preview Content\"";
				DEVELOPMENT_TEAM = 3VL3B8WDHX;
				ENABLE_PREVIEWS = YES;
				GENERATE_INFOPLIST_FILE = YES;
				INFOPLIST_KEY_UIApplicationSceneManifest_Generation = YES;
				INFOPLIST_KEY_UIApplicationSupportsIndirectInputEvents = YES;
				INFOPLIST_KEY_UILaunchScreen_Generation = YES;
				INFOPLIST_KEY_UISupportedInterfaceOrientations_iPad = "UIInterfaceOrientationPortrait UIInterfaceOrientationPortraitUpsideDown UIInterfaceOrientationLandscapeLeft UIInterfaceOrientationLandscapeRight";
				INFOPLIST_KEY_UISupportedInterfaceOrientations_iPhone = "UIInterfaceOrientationPortrait UIInterfaceOrientationLandscapeLeft UIInterfaceOrientationLandscapeRight";
				LD_RUNPATH_SEARCH_PATHS = (
					"$(inherited)",
					"@executable_path/Frameworks",
				);
				MARKETING_VERSION = 1.0;
				PRODUCT_BUNDLE_IDENTIFIER = Shastopal.SimulatorSwiftUI;
				PRODUCT_NAME = "$(TARGET_NAME)";
				SWIFT_EMIT_LOC_STRINGS = YES;
				SWIFT_VERSION = 5.0;
				TARGETED_DEVICE_FAMILY = "1,2";
			};
			name = Debug;
		};
		8DFF7BBD2A48900F00E44077 /* Release */ = {
			isa = XCBuildConfiguration;
			buildSettings = {
				ASSETCATALOG_COMPILER_APPICON_NAME = AppIcon;
				ASSETCATALOG_COMPILER_GLOBAL_ACCENT_COLOR_NAME = AccentColor;
				CODE_SIGN_STYLE = Automatic;
				CURRENT_PROJECT_VERSION = 1;
				DEVELOPMENT_ASSET_PATHS = "\"SimulatorSwiftUI/Preview Content\"";
				DEVELOPMENT_TEAM = 3VL3B8WDHX;
				ENABLE_PREVIEWS = YES;
				GENERATE_INFOPLIST_FILE = YES;
				INFOPLIST_KEY_UIApplicationSceneManifest_Generation = YES;
				INFOPLIST_KEY_UIApplicationSupportsIndirectInputEvents = YES;
				INFOPLIST_KEY_UILaunchScreen_Generation = YES;
				INFOPLIST_KEY_UISupportedInterfaceOrientations_iPad = "UIInterfaceOrientationPortrait UIInterfaceOrientationPortraitUpsideDown UIInterfaceOrientationLandscapeLeft UIInterfaceOrientationLandscapeRight";
				INFOPLIST_KEY_UISupportedInterfaceOrientations_iPhone = "UIInterfaceOrientationPortrait UIInterfaceOrientationLandscapeLeft UIInterfaceOrientationLandscapeRight";
				LD_RUNPATH_SEARCH_PATHS = (
					"$(inherited)",
					"@executable_path/Frameworks",
				);
				MARKETING_VERSION = 1.0;
				PRODUCT_BUNDLE_IDENTIFIER = Shastopal.SimulatorSwiftUI;
				PRODUCT_NAME = "$(TARGET_NAME)";
				SWIFT_EMIT_LOC_STRINGS = YES;
				SWIFT_VERSION = 5.0;
				TARGETED_DEVICE_FAMILY = "1,2";
			};
			name = Release;
		};
/* End XCBuildConfiguration section */

/* Begin XCConfigurationList section */
		8DFF7BA32A48900D00E44077 /* Build configuration list for PBXProject "SimulatorSwiftUI" */ = {
			isa = XCConfigurationList;
			buildConfigurations = (
				8DFF7BB92A48900F00E44077 /* Debug */,
				8DFF7BBA2A48900F00E44077 /* Release */,
			);
			defaultConfigurationIsVisible = 0;
			defaultConfigurationName = Release;
		};
		8DFF7BBB2A48900F00E44077 /* Build configuration list for PBXNativeTarget "SimulatorSwiftUI" */ = {
			isa = XCConfigurationList;
			buildConfigurations = (
				8DFF7BBC2A48900F00E44077 /* Debug */,
				8DFF7BBD2A48900F00E44077 /* Release */,
			);
			defaultConfigurationIsVisible = 0;
			defaultConfigurationName = Release;
		};
/* End XCConfigurationList section */

/* Begin XCVersionGroup section */
		8DFF7BB62A48900F00E44077 /* SimulatorSwiftUI.xcdatamodeld */ = {
			isa = XCVersionGroup;
			children = (
				8DFF7BB72A48900F00E44077 /* SimulatorSwiftUI.xcdatamodel */,
			);
			currentVersion = 8DFF7BB72A48900F00E44077 /* SimulatorSwiftUI.xcdatamodel */;
			path = SimulatorSwiftUI.xcdatamodeld;
			sourceTree = "<group>";
			versionGroupType = wrapper.xcdatamodel;
		};
/* End XCVersionGroup section */
	};
	rootObject = 8DFF7BA02A48900D00E44077 /* Project object */;
}
